// !$*UTF8*$!
{
	archiveVersion = 1;
	classes = {
	};
	objectVersion = 46;
	objects = {

/* Begin PBXBuildFile section */
		E43187A31C59F7CC00F40BFE /* AppDelegate.swift in Sources */ = {isa = PBXBuildFile; fileRef = E43187A21C59F7CC00F40BFE /* AppDelegate.swift */; };
		E43187A51C59F7CC00F40BFE /* ViewController.swift in Sources */ = {isa = PBXBuildFile; fileRef = E43187A41C59F7CC00F40BFE /* ViewController.swift */; };
		E43187A81C59F7CC00F40BFE /* Main.storyboard in Resources */ = {isa = PBXBuildFile; fileRef = E43187A61C59F7CC00F40BFE /* Main.storyboard */; };
		E43187AA1C59F7CC00F40BFE /* Assets.xcassets in Resources */ = {isa = PBXBuildFile; fileRef = E43187A91C59F7CC00F40BFE /* Assets.xcassets */; };
		E43187B81C59F7CC00F40BFE /* AskFoodDemoTests.swift in Sources */ = {isa = PBXBuildFile; fileRef = E43187B71C59F7CC00F40BFE /* AskFoodDemoTests.swift */; };
		E43187C31C59F8F900F40BFE /* Color.swift in Sources */ = {isa = PBXBuildFile; fileRef = E43187C21C59F8F900F40BFE /* Color.swift */; };
		E43187CA1C59F9A700F40BFE /* button1.pdf in Resources */ = {isa = PBXBuildFile; fileRef = E43187C51C59F9A700F40BFE /* button1.pdf */; };
		E43187CB1C59F9A700F40BFE /* button2.pdf in Resources */ = {isa = PBXBuildFile; fileRef = E43187C61C59F9A700F40BFE /* button2.pdf */; };
		E43187CC1C59F9A700F40BFE /* button3.pdf in Resources */ = {isa = PBXBuildFile; fileRef = E43187C71C59F9A700F40BFE /* button3.pdf */; };
		E43187CD1C59F9A700F40BFE /* logo1.pdf in Resources */ = {isa = PBXBuildFile; fileRef = E43187C81C59F9A700F40BFE /* logo1.pdf */; };
		E43187CE1C59F9A700F40BFE /* logos.pdf in Resources */ = {isa = PBXBuildFile; fileRef = E43187C91C59F9A700F40BFE /* logos.pdf */; };
		E43187D01C59FA5100F40BFE /* VC1.swift in Sources */ = {isa = PBXBuildFile; fileRef = E43187CF1C59FA5100F40BFE /* VC1.swift */; };
		E43187D21C59FD4200F40BFE /* VC2.swift in Sources */ = {isa = PBXBuildFile; fileRef = E43187D11C59FD4200F40BFE /* VC2.swift */; };
		E43187D41C5A071F00F40BFE /* VC_a.swift in Sources */ = {isa = PBXBuildFile; fileRef = E43187D31C5A071F00F40BFE /* VC_a.swift */; };
		E43187D61C5A08CC00F40BFE /* VC_b.swift in Sources */ = {isa = PBXBuildFile; fileRef = E43187D51C5A08CC00F40BFE /* VC_b.swift */; };
		E43187D81C5A098500F40BFE /* VC_c.swift in Sources */ = {isa = PBXBuildFile; fileRef = E43187D71C5A098500F40BFE /* VC_c.swift */; };
		E43187DB1C5A0CC200F40BFE /* NavigationDelegate.swift in Sources */ = {isa = PBXBuildFile; fileRef = E43187DA1C5A0CC200F40BFE /* NavigationDelegate.swift */; };
		E43187DD1C5A0D8500F40BFE /* CiecleAnimation.swift in Sources */ = {isa = PBXBuildFile; fileRef = E43187DC1C5A0D8500F40BFE /* CiecleAnimation.swift */; };
		E43187E21C5A151100F40BFE /* TableHeaderViewCell.swift in Sources */ = {isa = PBXBuildFile; fileRef = E43187DF1C5A151100F40BFE /* TableHeaderViewCell.swift */; };
		E43187E31C5A151100F40BFE /* TableView.swift in Sources */ = {isa = PBXBuildFile; fileRef = E43187E01C5A151100F40BFE /* TableView.swift */; };
		E43187E41C5A151100F40BFE /* TableViewCell.swift in Sources */ = {isa = PBXBuildFile; fileRef = E43187E11C5A151100F40BFE /* TableViewCell.swift */; };
		E43187E71C5A154D00F40BFE /* ChatDataSource.swift in Sources */ = {isa = PBXBuildFile; fileRef = E43187E51C5A154D00F40BFE /* ChatDataSource.swift */; };
		E43187E81C5A154D00F40BFE /* MessageItem.swift in Sources */ = {isa = PBXBuildFile; fileRef = E43187E61C5A154D00F40BFE /* MessageItem.swift */; };
		E43187EA1C5A156400F40BFE /* MessageBubble@2x.png in Resources */ = {isa = PBXBuildFile; fileRef = E43187E91C5A156400F40BFE /* MessageBubble@2x.png */; };
		E43187F01C5A1C1F00F40BFE /* Exten_UIView.swift in Sources */ = {isa = PBXBuildFile; fileRef = E43187EF1C5A1C1F00F40BFE /* Exten_UIView.swift */; };
		E43189AA1C5A7A6F00F40BFE /* Charts.framework in Frameworks */ = {isa = PBXBuildFile; fileRef = E43189A51C5A7A4600F40BFE /* Charts.framework */; };
		E43189AB1C5A7A6F00F40BFE /* Charts.framework in Embed Frameworks */ = {isa = PBXBuildFile; fileRef = E43189A51C5A7A4600F40BFE /* Charts.framework */; settings = {ATTRIBUTES = (CodeSignOnCopy, RemoveHeadersOnCopy, ); }; };
		E4B279291C94143600B995E3 /* You.png in Resources */ = {isa = PBXBuildFile; fileRef = E4B279281C94143600B995E3 /* You.png */; };
		E4B2792B1C94143E00B995E3 /* Me.png in Resources */ = {isa = PBXBuildFile; fileRef = E4B2792A1C94143E00B995E3 /* Me.png */; };
		E4C71ED01C5E2B5500A6FEB6 /* Protein.pdf in Resources */ = {isa = PBXBuildFile; fileRef = E4C71ECF1C5E2B5500A6FEB6 /* Protein.pdf */; };
		E4C71ED21C5E4A0F00A6FEB6 /* VC_c_s.swift in Sources */ = {isa = PBXBuildFile; fileRef = E4C71ED11C5E4A0F00A6FEB6 /* VC_c_s.swift */; };
		E4EC222E1C5CDD3700E6D7C9 /* FoodProc.swift in Sources */ = {isa = PBXBuildFile; fileRef = E4EC222D1C5CDD3600E6D7C9 /* FoodProc.swift */; };
		E4FCAEAF1C957B0100127811 /* Alamofire.framework in Frameworks */ = {isa = PBXBuildFile; fileRef = E4FCAEA21C957AEB00127811 /* Alamofire.framework */; };
		E4FCAEB01C957B0100127811 /* Alamofire.framework in Embed Frameworks */ = {isa = PBXBuildFile; fileRef = E4FCAEA21C957AEB00127811 /* Alamofire.framework */; settings = {ATTRIBUTES = (CodeSignOnCopy, RemoveHeadersOnCopy, ); }; };
		E4FCAEB91C95B80D00127811 /* Wilddog.framework in Frameworks */ = {isa = PBXBuildFile; fileRef = E4FCAEB81C95B80D00127811 /* Wilddog.framework */; };
		E4FCAEBA1C95B81E00127811 /* Wilddog.framework in Frameworks */ = {isa = PBXBuildFile; fileRef = E4FCAEB81C95B80D00127811 /* Wilddog.framework */; };
		E4FCAEBB1C95B81E00127811 /* Wilddog.framework in Embed Frameworks */ = {isa = PBXBuildFile; fileRef = E4FCAEB81C95B80D00127811 /* Wilddog.framework */; settings = {ATTRIBUTES = (CodeSignOnCopy, RemoveHeadersOnCopy, ); }; };
/* End PBXBuildFile section */

/* Begin PBXContainerItemProxy section */
		E43187B41C59F7CC00F40BFE /* PBXContainerItemProxy */ = {
			isa = PBXContainerItemProxy;
			containerPortal = E43187971C59F7CC00F40BFE /* Project object */;
			proxyType = 1;
			remoteGlobalIDString = E431879E1C59F7CC00F40BFE;
			remoteInfo = AskFoodDemo;
		};
		E43189A41C5A7A4600F40BFE /* PBXContainerItemProxy */ = {
			isa = PBXContainerItemProxy;
			containerPortal = E43188361C5A7A4600F40BFE /* Charts.xcodeproj */;
			proxyType = 2;
			remoteGlobalIDString = 5BA8EC401A9D14DC00CE82E1;
			remoteInfo = "Charts-iOS";
		};
		E43189A61C5A7A4600F40BFE /* PBXContainerItemProxy */ = {
			isa = PBXContainerItemProxy;
			containerPortal = E43188361C5A7A4600F40BFE /* Charts.xcodeproj */;
			proxyType = 2;
			remoteGlobalIDString = A52C5C371BAC5CA400594CDD;
			remoteInfo = "Charts-TV";
		};
		E43189A81C5A7A4600F40BFE /* PBXContainerItemProxy */ = {
			isa = PBXContainerItemProxy;
			containerPortal = E43188361C5A7A4600F40BFE /* Charts.xcodeproj */;
			proxyType = 2;
			remoteGlobalIDString = 06AEE7A21BDC3F8B009875AE;
			remoteInfo = ChartsTests;
		};
		E43189AC1C5A7A6F00F40BFE /* PBXContainerItemProxy */ = {
			isa = PBXContainerItemProxy;
			containerPortal = E43188361C5A7A4600F40BFE /* Charts.xcodeproj */;
			proxyType = 1;
			remoteGlobalIDString = 5BA8EC3F1A9D14DC00CE82E1;
			remoteInfo = "Charts-iOS";
		};
		E4FCAEA11C957AEB00127811 /* PBXContainerItemProxy */ = {
			isa = PBXContainerItemProxy;
			containerPortal = E4FCAE971C957AEB00127811 /* Alamofire.xcodeproj */;
			proxyType = 2;
			remoteGlobalIDString = F8111E3319A95C8B0040E7D1;
			remoteInfo = "Alamofire iOS";
		};
		E4FCAEA31C957AEB00127811 /* PBXContainerItemProxy */ = {
			isa = PBXContainerItemProxy;
			containerPortal = E4FCAE971C957AEB00127811 /* Alamofire.xcodeproj */;
			proxyType = 2;
			remoteGlobalIDString = F8111E3E19A95C8B0040E7D1;
			remoteInfo = "Alamofire iOS Tests";
		};
		E4FCAEA51C957AEB00127811 /* PBXContainerItemProxy */ = {
			isa = PBXContainerItemProxy;
			containerPortal = E4FCAE971C957AEB00127811 /* Alamofire.xcodeproj */;
			proxyType = 2;
			remoteGlobalIDString = 4DD67C0B1A5C55C900ED2280;
			remoteInfo = "Alamofire OSX";
		};
		E4FCAEA71C957AEB00127811 /* PBXContainerItemProxy */ = {
			isa = PBXContainerItemProxy;
			containerPortal = E4FCAE971C957AEB00127811 /* Alamofire.xcodeproj */;
			proxyType = 2;
			remoteGlobalIDString = F829C6B21A7A94F100A2CD59;
			remoteInfo = "Alamofire OSX Tests";
		};
		E4FCAEA91C957AEB00127811 /* PBXContainerItemProxy */ = {
			isa = PBXContainerItemProxy;
			containerPortal = E4FCAE971C957AEB00127811 /* Alamofire.xcodeproj */;
			proxyType = 2;
			remoteGlobalIDString = 4CF626EF1BA7CB3E0011A099;
			remoteInfo = "Alamofire tvOS";
		};
		E4FCAEAB1C957AEB00127811 /* PBXContainerItemProxy */ = {
			isa = PBXContainerItemProxy;
			containerPortal = E4FCAE971C957AEB00127811 /* Alamofire.xcodeproj */;
			proxyType = 2;
			remoteGlobalIDString = 4CF626F81BA7CB3E0011A099;
			remoteInfo = "Alamofire tvOS Tests";
		};
		E4FCAEAD1C957AEB00127811 /* PBXContainerItemProxy */ = {
			isa = PBXContainerItemProxy;
			containerPortal = E4FCAE971C957AEB00127811 /* Alamofire.xcodeproj */;
			proxyType = 2;
			remoteGlobalIDString = E4202FE01B667AA100C997FB;
			remoteInfo = "Alamofire watchOS";
		};
		E4FCAEB11C957B0100127811 /* PBXContainerItemProxy */ = {
			isa = PBXContainerItemProxy;
			containerPortal = E4FCAE971C957AEB00127811 /* Alamofire.xcodeproj */;
			proxyType = 1;
			remoteGlobalIDString = F8111E3219A95C8B0040E7D1;
			remoteInfo = "Alamofire iOS";
		};
/* End PBXContainerItemProxy section */

/* Begin PBXCopyFilesBuildPhase section */
		E43188011C5A663C00F40BFE /* Embed Frameworks */ = {
			isa = PBXCopyFilesBuildPhase;
			buildActionMask = 2147483647;
			dstPath = "";
			dstSubfolderSpec = 10;
			files = (
				E43189AB1C5A7A6F00F40BFE /* Charts.framework in Embed Frameworks */,
				E4FCAEB01C957B0100127811 /* Alamofire.framework in Embed Frameworks */,
				E4FCAEBB1C95B81E00127811 /* Wilddog.framework in Embed Frameworks */,
			);
			name = "Embed Frameworks";
			runOnlyForDeploymentPostprocessing = 0;
		};
/* End PBXCopyFilesBuildPhase section */

/* Begin PBXFileReference section */
		E431879F1C59F7CC00F40BFE /* AskFoodDemo.app */ = {isa = PBXFileReference; explicitFileType = wrapper.application; includeInIndex = 0; path = AskFoodDemo.app; sourceTree = BUILT_PRODUCTS_DIR; };
		E43187A21C59F7CC00F40BFE /* AppDelegate.swift */ = {isa = PBXFileReference; lastKnownFileType = sourcecode.swift; path = AppDelegate.swift; sourceTree = "<group>"; };
		E43187A41C59F7CC00F40BFE /* ViewController.swift */ = {isa = PBXFileReference; lastKnownFileType = sourcecode.swift; path = ViewController.swift; sourceTree = "<group>"; };
		E43187A71C59F7CC00F40BFE /* Base */ = {isa = PBXFileReference; lastKnownFileType = file.storyboard; name = Base; path = Base.lproj/Main.storyboard; sourceTree = "<group>"; };
		E43187A91C59F7CC00F40BFE /* Assets.xcassets */ = {isa = PBXFileReference; lastKnownFileType = folder.assetcatalog; path = Assets.xcassets; sourceTree = "<group>"; };
		E43187AE1C59F7CC00F40BFE /* Info.plist */ = {isa = PBXFileReference; lastKnownFileType = text.plist.xml; path = Info.plist; sourceTree = "<group>"; };
		E43187B31C59F7CC00F40BFE /* AskFoodDemoTests.xctest */ = {isa = PBXFileReference; explicitFileType = wrapper.cfbundle; includeInIndex = 0; path = AskFoodDemoTests.xctest; sourceTree = BUILT_PRODUCTS_DIR; };
		E43187B71C59F7CC00F40BFE /* AskFoodDemoTests.swift */ = {isa = PBXFileReference; lastKnownFileType = sourcecode.swift; path = AskFoodDemoTests.swift; sourceTree = "<group>"; };
		E43187B91C59F7CC00F40BFE /* Info.plist */ = {isa = PBXFileReference; lastKnownFileType = text.plist.xml; path = Info.plist; sourceTree = "<group>"; };
		E43187C21C59F8F900F40BFE /* Color.swift */ = {isa = PBXFileReference; fileEncoding = 4; lastKnownFileType = sourcecode.swift; path = Color.swift; sourceTree = "<group>"; };
		E43187C51C59F9A700F40BFE /* button1.pdf */ = {isa = PBXFileReference; lastKnownFileType = image.pdf; path = button1.pdf; sourceTree = "<group>"; };
		E43187C61C59F9A700F40BFE /* button2.pdf */ = {isa = PBXFileReference; lastKnownFileType = image.pdf; path = button2.pdf; sourceTree = "<group>"; };
		E43187C71C59F9A700F40BFE /* button3.pdf */ = {isa = PBXFileReference; lastKnownFileType = image.pdf; path = button3.pdf; sourceTree = "<group>"; };
		E43187C81C59F9A700F40BFE /* logo1.pdf */ = {isa = PBXFileReference; lastKnownFileType = image.pdf; path = logo1.pdf; sourceTree = "<group>"; };
		E43187C91C59F9A700F40BFE /* logos.pdf */ = {isa = PBXFileReference; lastKnownFileType = image.pdf; path = logos.pdf; sourceTree = "<group>"; };
		E43187CF1C59FA5100F40BFE /* VC1.swift */ = {isa = PBXFileReference; fileEncoding = 4; lastKnownFileType = sourcecode.swift; path = VC1.swift; sourceTree = "<group>"; };
		E43187D11C59FD4200F40BFE /* VC2.swift */ = {isa = PBXFileReference; fileEncoding = 4; lastKnownFileType = sourcecode.swift; path = VC2.swift; sourceTree = "<group>"; };
		E43187D31C5A071F00F40BFE /* VC_a.swift */ = {isa = PBXFileReference; fileEncoding = 4; lastKnownFileType = sourcecode.swift; path = VC_a.swift; sourceTree = "<group>"; };
		E43187D51C5A08CC00F40BFE /* VC_b.swift */ = {isa = PBXFileReference; fileEncoding = 4; lastKnownFileType = sourcecode.swift; path = VC_b.swift; sourceTree = "<group>"; };
		E43187D71C5A098500F40BFE /* VC_c.swift */ = {isa = PBXFileReference; fileEncoding = 4; lastKnownFileType = sourcecode.swift; path = VC_c.swift; sourceTree = "<group>"; };
		E43187DA1C5A0CC200F40BFE /* NavigationDelegate.swift */ = {isa = PBXFileReference; fileEncoding = 4; lastKnownFileType = sourcecode.swift; path = NavigationDelegate.swift; sourceTree = "<group>"; };
		E43187DC1C5A0D8500F40BFE /* CiecleAnimation.swift */ = {isa = PBXFileReference; fileEncoding = 4; lastKnownFileType = sourcecode.swift; path = CiecleAnimation.swift; sourceTree = "<group>"; };
		E43187DF1C5A151100F40BFE /* TableHeaderViewCell.swift */ = {isa = PBXFileReference; fileEncoding = 4; lastKnownFileType = sourcecode.swift; path = TableHeaderViewCell.swift; sourceTree = "<group>"; };
		E43187E01C5A151100F40BFE /* TableView.swift */ = {isa = PBXFileReference; fileEncoding = 4; lastKnownFileType = sourcecode.swift; path = TableView.swift; sourceTree = "<group>"; };
		E43187E11C5A151100F40BFE /* TableViewCell.swift */ = {isa = PBXFileReference; fileEncoding = 4; lastKnownFileType = sourcecode.swift; path = TableViewCell.swift; sourceTree = "<group>"; };
		E43187E51C5A154D00F40BFE /* ChatDataSource.swift */ = {isa = PBXFileReference; fileEncoding = 4; lastKnownFileType = sourcecode.swift; path = ChatDataSource.swift; sourceTree = "<group>"; };
		E43187E61C5A154D00F40BFE /* MessageItem.swift */ = {isa = PBXFileReference; fileEncoding = 4; lastKnownFileType = sourcecode.swift; path = MessageItem.swift; sourceTree = "<group>"; };
		E43187E91C5A156400F40BFE /* MessageBubble@2x.png */ = {isa = PBXFileReference; lastKnownFileType = image.png; path = "MessageBubble@2x.png"; sourceTree = "<group>"; };
		E43187EF1C5A1C1F00F40BFE /* Exten_UIView.swift */ = {isa = PBXFileReference; fileEncoding = 4; lastKnownFileType = sourcecode.swift; path = Exten_UIView.swift; sourceTree = "<group>"; };
		E43188361C5A7A4600F40BFE /* Charts.xcodeproj */ = {isa = PBXFileReference; lastKnownFileType = "wrapper.pb-project"; path = Charts.xcodeproj; sourceTree = "<group>"; };
		E4B279281C94143600B995E3 /* You.png */ = {isa = PBXFileReference; lastKnownFileType = image.png; path = You.png; sourceTree = "<group>"; };
		E4B2792A1C94143E00B995E3 /* Me.png */ = {isa = PBXFileReference; lastKnownFileType = image.png; path = Me.png; sourceTree = "<group>"; };
		E4C71ECF1C5E2B5500A6FEB6 /* Protein.pdf */ = {isa = PBXFileReference; lastKnownFileType = image.pdf; path = Protein.pdf; sourceTree = "<group>"; };
		E4C71ED11C5E4A0F00A6FEB6 /* VC_c_s.swift */ = {isa = PBXFileReference; fileEncoding = 4; lastKnownFileType = sourcecode.swift; path = VC_c_s.swift; sourceTree = "<group>"; };
		E4EC222D1C5CDD3600E6D7C9 /* FoodProc.swift */ = {isa = PBXFileReference; fileEncoding = 4; lastKnownFileType = sourcecode.swift; path = FoodProc.swift; sourceTree = "<group>"; };
		E4FCAE971C957AEB00127811 /* Alamofire.xcodeproj */ = {isa = PBXFileReference; lastKnownFileType = "wrapper.pb-project"; name = Alamofire.xcodeproj; path = Alamofire/Alamofire.xcodeproj; sourceTree = "<group>"; };
		E4FCAEB81C95B80D00127811 /* Wilddog.framework */ = {isa = PBXFileReference; lastKnownFileType = wrapper.framework; path = Wilddog.framework; sourceTree = "<group>"; };
/* End PBXFileReference section */

/* Begin PBXFrameworksBuildPhase section */
		E431879C1C59F7CC00F40BFE /* Frameworks */ = {
			isa = PBXFrameworksBuildPhase;
			buildActionMask = 2147483647;
			files = (
				E43189AA1C5A7A6F00F40BFE /* Charts.framework in Frameworks */,
				E4FCAEAF1C957B0100127811 /* Alamofire.framework in Frameworks */,
				E4FCAEB91C95B80D00127811 /* Wilddog.framework in Frameworks */,
				E4FCAEBA1C95B81E00127811 /* Wilddog.framework in Frameworks */,
			);
			runOnlyForDeploymentPostprocessing = 0;
		};
		E43187B01C59F7CC00F40BFE /* Frameworks */ = {
			isa = PBXFrameworksBuildPhase;
			buildActionMask = 2147483647;
			files = (
			);
			runOnlyForDeploymentPostprocessing = 0;
		};
/* End PBXFrameworksBuildPhase section */

/* Begin PBXGroup section */
		E43187961C59F7CC00F40BFE = {
			isa = PBXGroup;
			children = (
				E43187A11C59F7CC00F40BFE /* AskFoodDemo */,
				E43187B61C59F7CC00F40BFE /* AskFoodDemoTests */,
				E43187A01C59F7CC00F40BFE /* Products */,
			);
			sourceTree = "<group>";
		};
		E43187A01C59F7CC00F40BFE /* Products */ = {
			isa = PBXGroup;
			children = (
				E431879F1C59F7CC00F40BFE /* AskFoodDemo.app */,
				E43187B31C59F7CC00F40BFE /* AskFoodDemoTests.xctest */,
			);
			name = Products;
			sourceTree = "<group>";
		};
		E43187A11C59F7CC00F40BFE /* AskFoodDemo */ = {
			isa = PBXGroup;
			children = (
				E43187DE1C5A14DF00F40BFE /* MessageView */,
				E43187D91C5A0C7C00F40BFE /* Model */,
				E43187C41C59F98A00F40BFE /* image */,
				E43187A21C59F7CC00F40BFE /* AppDelegate.swift */,
				E43187A41C59F7CC00F40BFE /* ViewController.swift */,
				E43187C21C59F8F900F40BFE /* Color.swift */,
				E43187A61C59F7CC00F40BFE /* Main.storyboard */,
				E4C71ED11C5E4A0F00A6FEB6 /* VC_c_s.swift */,
				E43187D71C5A098500F40BFE /* VC_c.swift */,
				E43187D51C5A08CC00F40BFE /* VC_b.swift */,
				E43187D31C5A071F00F40BFE /* VC_a.swift */,
				E43187D11C59FD4200F40BFE /* VC2.swift */,
				E43187CF1C59FA5100F40BFE /* VC1.swift */,
				E43187A91C59F7CC00F40BFE /* Assets.xcassets */,
				E43187AE1C59F7CC00F40BFE /* Info.plist */,
				E43187EF1C5A1C1F00F40BFE /* Exten_UIView.swift */,
			);
			path = AskFoodDemo;
			sourceTree = "<group>";
		};
		E43187B61C59F7CC00F40BFE /* AskFoodDemoTests */ = {
			isa = PBXGroup;
			children = (
				E43187B71C59F7CC00F40BFE /* AskFoodDemoTests.swift */,
				E43187B91C59F7CC00F40BFE /* Info.plist */,
			);
			path = AskFoodDemoTests;
			sourceTree = "<group>";
		};
		E43187C41C59F98A00F40BFE /* image */ = {
			isa = PBXGroup;
			children = (
				E4B279281C94143600B995E3 /* You.png */,
				E4B2792A1C94143E00B995E3 /* Me.png */,
				E43187E91C5A156400F40BFE /* MessageBubble@2x.png */,
				E43187C51C59F9A700F40BFE /* button1.pdf */,
				E43187C61C59F9A700F40BFE /* button2.pdf */,
				E4C71ECF1C5E2B5500A6FEB6 /* Protein.pdf */,
				E43187C71C59F9A700F40BFE /* button3.pdf */,
				E43187C81C59F9A700F40BFE /* logo1.pdf */,
				E43187C91C59F9A700F40BFE /* logos.pdf */,
			);
			name = image;
			sourceTree = "<group>";
		};
		E43187D91C5A0C7C00F40BFE /* Model */ = {
			isa = PBXGroup;
			children = (
				E4FCAEB31C95B36400127811 /* Wilddog */,
				E4FCAE7C1C9579F000127811 /* AlarmFire */,
				E43187E51C5A154D00F40BFE /* ChatDataSource.swift */,
				E43187E61C5A154D00F40BFE /* MessageItem.swift */,
				E43187DA1C5A0CC200F40BFE /* NavigationDelegate.swift */,
				E43187DC1C5A0D8500F40BFE /* CiecleAnimation.swift */,
				E4EC222D1C5CDD3600E6D7C9 /* FoodProc.swift */,
				E43188331C5A7A4600F40BFE /* Charts */,
			);
			name = Model;
			sourceTree = "<group>";
		};
		E43187DE1C5A14DF00F40BFE /* MessageView */ = {
			isa = PBXGroup;
			children = (
				E43187DF1C5A151100F40BFE /* TableHeaderViewCell.swift */,
				E43187E01C5A151100F40BFE /* TableView.swift */,
				E43187E11C5A151100F40BFE /* TableViewCell.swift */,
			);
			name = MessageView;
			sourceTree = "<group>";
		};
		E43188331C5A7A4600F40BFE /* Charts */ = {
			isa = PBXGroup;
			children = (
				E43188361C5A7A4600F40BFE /* Charts.xcodeproj */,
			);
			path = Charts;
			sourceTree = "<group>";
		};
		E43188371C5A7A4600F40BFE /* Products */ = {
			isa = PBXGroup;
			children = (
				E43189A51C5A7A4600F40BFE /* Charts.framework */,
				E43189A71C5A7A4600F40BFE /* Charts.framework */,
				E43189A91C5A7A4600F40BFE /* ChartsTests.xctest */,
			);
			name = Products;
			sourceTree = "<group>";
		};
		E4FCAE7C1C9579F000127811 /* AlarmFire */ = {
			isa = PBXGroup;
			children = (
				E4FCAE971C957AEB00127811 /* Alamofire.xcodeproj */,
			);
			name = AlarmFire;
			sourceTree = "<group>";
		};
		E4FCAE981C957AEB00127811 /* Products */ = {
			isa = PBXGroup;
			children = (
				E4FCAEA21C957AEB00127811 /* Alamofire.framework */,
				E4FCAEA41C957AEB00127811 /* Alamofire iOS Tests.xctest */,
				E4FCAEA61C957AEB00127811 /* Alamofire.framework */,
				E4FCAEA81C957AEB00127811 /* Alamofire OSX Tests.xctest */,
				E4FCAEAA1C957AEB00127811 /* Alamofire.framework */,
				E4FCAEAC1C957AEB00127811 /* Alamofire tvOS Tests.xctest */,
				E4FCAEAE1C957AEB00127811 /* Alamofire.framework */,
			);
			name = Products;
			sourceTree = "<group>";
		};
		E4FCAEB31C95B36400127811 /* Wilddog */ = {
			isa = PBXGroup;
			children = (
				E4FCAEB81C95B80D00127811 /* Wilddog.framework */,
			);
			name = Wilddog;
			sourceTree = "<group>";
		};
/* End PBXGroup section */

/* Begin PBXNativeTarget section */
		E431879E1C59F7CC00F40BFE /* AskFoodDemo */ = {
			isa = PBXNativeTarget;
			buildConfigurationList = E43187BC1C59F7CC00F40BFE /* Build configuration list for PBXNativeTarget "AskFoodDemo" */;
			buildPhases = (
				E431879B1C59F7CC00F40BFE /* Sources */,
				E431879C1C59F7CC00F40BFE /* Frameworks */,
				E431879D1C59F7CC00F40BFE /* Resources */,
				E43188011C5A663C00F40BFE /* Embed Frameworks */,
			);
			buildRules = (
			);
			dependencies = (
				E43189AD1C5A7A6F00F40BFE /* PBXTargetDependency */,
				E4FCAEB21C957B0100127811 /* PBXTargetDependency */,
			);
			name = AskFoodDemo;
			productName = AskFoodDemo;
			productReference = E431879F1C59F7CC00F40BFE /* AskFoodDemo.app */;
			productType = "com.apple.product-type.application";
		};
		E43187B21C59F7CC00F40BFE /* AskFoodDemoTests */ = {
			isa = PBXNativeTarget;
			buildConfigurationList = E43187BF1C59F7CC00F40BFE /* Build configuration list for PBXNativeTarget "AskFoodDemoTests" */;
			buildPhases = (
				E43187AF1C59F7CC00F40BFE /* Sources */,
				E43187B01C59F7CC00F40BFE /* Frameworks */,
				E43187B11C59F7CC00F40BFE /* Resources */,
			);
			buildRules = (
			);
			dependencies = (
				E43187B51C59F7CC00F40BFE /* PBXTargetDependency */,
			);
			name = AskFoodDemoTests;
			productName = AskFoodDemoTests;
			productReference = E43187B31C59F7CC00F40BFE /* AskFoodDemoTests.xctest */;
			productType = "com.apple.product-type.bundle.unit-test";
		};
/* End PBXNativeTarget section */

/* Begin PBXProject section */
		E43187971C59F7CC00F40BFE /* Project object */ = {
			isa = PBXProject;
			attributes = {
				LastSwiftUpdateCheck = 0720;
				LastUpgradeCheck = 0720;
				ORGANIZATIONNAME = Colearo;
				TargetAttributes = {
					E431879E1C59F7CC00F40BFE = {
						CreatedOnToolsVersion = 7.2;
						DevelopmentTeam = 7WPGMJ4YMQ;
					};
					E43187B21C59F7CC00F40BFE = {
						CreatedOnToolsVersion = 7.2;
						DevelopmentTeam = 7WPGMJ4YMQ;
						TestTargetID = E431879E1C59F7CC00F40BFE;
					};
				};
			};
			buildConfigurationList = E431879A1C59F7CC00F40BFE /* Build configuration list for PBXProject "AskFoodDemo" */;
			compatibilityVersion = "Xcode 3.2";
			developmentRegion = English;
			hasScannedForEncodings = 0;
			knownRegions = (
				en,
				Base,
			);
			mainGroup = E43187961C59F7CC00F40BFE;
			productRefGroup = E43187A01C59F7CC00F40BFE /* Products */;
			projectDirPath = "";
			projectReferences = (
				{
					ProductGroup = E4FCAE981C957AEB00127811 /* Products */;
					ProjectRef = E4FCAE971C957AEB00127811 /* Alamofire.xcodeproj */;
				},
				{
					ProductGroup = E43188371C5A7A4600F40BFE /* Products */;
					ProjectRef = E43188361C5A7A4600F40BFE /* Charts.xcodeproj */;
				},
			);
			projectRoot = "";
			targets = (
				E431879E1C59F7CC00F40BFE /* AskFoodDemo */,
				E43187B21C59F7CC00F40BFE /* AskFoodDemoTests */,
			);
		};
/* End PBXProject section */

/* Begin PBXReferenceProxy section */
		E43189A51C5A7A4600F40BFE /* Charts.framework */ = {
			isa = PBXReferenceProxy;
			fileType = wrapper.framework;
			path = Charts.framework;
			remoteRef = E43189A41C5A7A4600F40BFE /* PBXContainerItemProxy */;
			sourceTree = BUILT_PRODUCTS_DIR;
		};
		E43189A71C5A7A4600F40BFE /* Charts.framework */ = {
			isa = PBXReferenceProxy;
			fileType = wrapper.framework;
			path = Charts.framework;
			remoteRef = E43189A61C5A7A4600F40BFE /* PBXContainerItemProxy */;
			sourceTree = BUILT_PRODUCTS_DIR;
		};
		E43189A91C5A7A4600F40BFE /* ChartsTests.xctest */ = {
			isa = PBXReferenceProxy;
			fileType = wrapper.cfbundle;
			path = ChartsTests.xctest;
			remoteRef = E43189A81C5A7A4600F40BFE /* PBXContainerItemProxy */;
			sourceTree = BUILT_PRODUCTS_DIR;
		};
		E4FCAEA21C957AEB00127811 /* Alamofire.framework */ = {
			isa = PBXReferenceProxy;
			fileType = wrapper.framework;
			path = Alamofire.framework;
			remoteRef = E4FCAEA11C957AEB00127811 /* PBXContainerItemProxy */;
			sourceTree = BUILT_PRODUCTS_DIR;
		};
		E4FCAEA41C957AEB00127811 /* Alamofire iOS Tests.xctest */ = {
			isa = PBXReferenceProxy;
			fileType = wrapper.cfbundle;
			path = "Alamofire iOS Tests.xctest";
			remoteRef = E4FCAEA31C957AEB00127811 /* PBXContainerItemProxy */;
			sourceTree = BUILT_PRODUCTS_DIR;
		};
		E4FCAEA61C957AEB00127811 /* Alamofire.framework */ = {
			isa = PBXReferenceProxy;
			fileType = wrapper.framework;
			path = Alamofire.framework;
			remoteRef = E4FCAEA51C957AEB00127811 /* PBXContainerItemProxy */;
			sourceTree = BUILT_PRODUCTS_DIR;
		};
		E4FCAEA81C957AEB00127811 /* Alamofire OSX Tests.xctest */ = {
			isa = PBXReferenceProxy;
			fileType = wrapper.cfbundle;
			path = "Alamofire OSX Tests.xctest";
			remoteRef = E4FCAEA71C957AEB00127811 /* PBXContainerItemProxy */;
			sourceTree = BUILT_PRODUCTS_DIR;
		};
		E4FCAEAA1C957AEB00127811 /* Alamofire.framework */ = {
			isa = PBXReferenceProxy;
			fileType = wrapper.framework;
			path = Alamofire.framework;
			remoteRef = E4FCAEA91C957AEB00127811 /* PBXContainerItemProxy */;
			sourceTree = BUILT_PRODUCTS_DIR;
		};
		E4FCAEAC1C957AEB00127811 /* Alamofire tvOS Tests.xctest */ = {
			isa = PBXReferenceProxy;
			fileType = wrapper.cfbundle;
			path = "Alamofire tvOS Tests.xctest";
			remoteRef = E4FCAEAB1C957AEB00127811 /* PBXContainerItemProxy */;
			sourceTree = BUILT_PRODUCTS_DIR;
		};
		E4FCAEAE1C957AEB00127811 /* Alamofire.framework */ = {
			isa = PBXReferenceProxy;
			fileType = wrapper.framework;
			path = Alamofire.framework;
			remoteRef = E4FCAEAD1C957AEB00127811 /* PBXContainerItemProxy */;
			sourceTree = BUILT_PRODUCTS_DIR;
		};
/* End PBXReferenceProxy section */

/* Begin PBXResourcesBuildPhase section */
		E431879D1C59F7CC00F40BFE /* Resources */ = {
			isa = PBXResourcesBuildPhase;
			buildActionMask = 2147483647;
			files = (
				E43187CE1C59F9A700F40BFE /* logos.pdf in Resources */,
				E4B279291C94143600B995E3 /* You.png in Resources */,
				E43187AA1C59F7CC00F40BFE /* Assets.xcassets in Resources */,
				E4B2792B1C94143E00B995E3 /* Me.png in Resources */,
				E43187EA1C5A156400F40BFE /* MessageBubble@2x.png in Resources */,
				E4C71ED01C5E2B5500A6FEB6 /* Protein.pdf in Resources */,
				E43187CD1C59F9A700F40BFE /* logo1.pdf in Resources */,
				E43187CB1C59F9A700F40BFE /* button2.pdf in Resources */,
				E43187CC1C59F9A700F40BFE /* button3.pdf in Resources */,
				E43187A81C59F7CC00F40BFE /* Main.storyboard in Resources */,
				E43187CA1C59F9A700F40BFE /* button1.pdf in Resources */,
			);
			runOnlyForDeploymentPostprocessing = 0;
		};
		E43187B11C59F7CC00F40BFE /* Resources */ = {
			isa = PBXResourcesBuildPhase;
			buildActionMask = 2147483647;
			files = (
			);
			runOnlyForDeploymentPostprocessing = 0;
		};
/* End PBXResourcesBuildPhase section */

/* Begin PBXSourcesBuildPhase section */
		E431879B1C59F7CC00F40BFE /* Sources */ = {
			isa = PBXSourcesBuildPhase;
			buildActionMask = 2147483647;
			files = (
				E43187E41C5A151100F40BFE /* TableViewCell.swift in Sources */,
				E43187D81C5A098500F40BFE /* VC_c.swift in Sources */,
				E43187E71C5A154D00F40BFE /* ChatDataSource.swift in Sources */,
				E43187E31C5A151100F40BFE /* TableView.swift in Sources */,
				E43187D41C5A071F00F40BFE /* VC_a.swift in Sources */,
				E43187A51C59F7CC00F40BFE /* ViewController.swift in Sources */,
				E43187DD1C5A0D8500F40BFE /* CiecleAnimation.swift in Sources */,
				E43187A31C59F7CC00F40BFE /* AppDelegate.swift in Sources */,
				E43187D61C5A08CC00F40BFE /* VC_b.swift in Sources */,
				E43187F01C5A1C1F00F40BFE /* Exten_UIView.swift in Sources */,
				E4C71ED21C5E4A0F00A6FEB6 /* VC_c_s.swift in Sources */,
				E43187D21C59FD4200F40BFE /* VC2.swift in Sources */,
				E43187E21C5A151100F40BFE /* TableHeaderViewCell.swift in Sources */,
				E43187E81C5A154D00F40BFE /* MessageItem.swift in Sources */,
				E4EC222E1C5CDD3700E6D7C9 /* FoodProc.swift in Sources */,
				E43187D01C59FA5100F40BFE /* VC1.swift in Sources */,
				E43187DB1C5A0CC200F40BFE /* NavigationDelegate.swift in Sources */,
				E43187C31C59F8F900F40BFE /* Color.swift in Sources */,
			);
			runOnlyForDeploymentPostprocessing = 0;
		};
		E43187AF1C59F7CC00F40BFE /* Sources */ = {
			isa = PBXSourcesBuildPhase;
			buildActionMask = 2147483647;
			files = (
				E43187B81C59F7CC00F40BFE /* AskFoodDemoTests.swift in Sources */,
			);
			runOnlyForDeploymentPostprocessing = 0;
		};
/* End PBXSourcesBuildPhase section */

/* Begin PBXTargetDependency section */
		E43187B51C59F7CC00F40BFE /* PBXTargetDependency */ = {
			isa = PBXTargetDependency;
			target = E431879E1C59F7CC00F40BFE /* AskFoodDemo */;
			targetProxy = E43187B41C59F7CC00F40BFE /* PBXContainerItemProxy */;
		};
		E43189AD1C5A7A6F00F40BFE /* PBXTargetDependency */ = {
			isa = PBXTargetDependency;
			name = "Charts-iOS";
			targetProxy = E43189AC1C5A7A6F00F40BFE /* PBXContainerItemProxy */;
		};
		E4FCAEB21C957B0100127811 /* PBXTargetDependency */ = {
			isa = PBXTargetDependency;
			name = "Alamofire iOS";
			targetProxy = E4FCAEB11C957B0100127811 /* PBXContainerItemProxy */;
		};
/* End PBXTargetDependency section */

/* Begin PBXVariantGroup section */
		E43187A61C59F7CC00F40BFE /* Main.storyboard */ = {
			isa = PBXVariantGroup;
			children = (
				E43187A71C59F7CC00F40BFE /* Base */,
			);
			name = Main.storyboard;
			sourceTree = "<group>";
		};
/* End PBXVariantGroup section */

/* Begin XCBuildConfiguration section */
		E43187BA1C59F7CC00F40BFE /* Debug */ = {
			isa = XCBuildConfiguration;
			buildSettings = {
				ALWAYS_SEARCH_USER_PATHS = NO;
				CLANG_CXX_LANGUAGE_STANDARD = "gnu++0x";
				CLANG_CXX_LIBRARY = "libc++";
				CLANG_ENABLE_MODULES = YES;
				CLANG_ENABLE_OBJC_ARC = YES;
				CLANG_WARN_BOOL_CONVERSION = YES;
				CLANG_WARN_CONSTANT_CONVERSION = YES;
				CLANG_WARN_DIRECT_OBJC_ISA_USAGE = YES_ERROR;
				CLANG_WARN_EMPTY_BODY = YES;
				CLANG_WARN_ENUM_CONVERSION = YES;
				CLANG_WARN_INT_CONVERSION = YES;
				CLANG_WARN_OBJC_ROOT_CLASS = YES_ERROR;
				CLANG_WARN_UNREACHABLE_CODE = YES;
				CLANG_WARN__DUPLICATE_METHOD_MATCH = YES;
				"CODE_SIGN_IDENTITY[sdk=iphoneos*]" = "iPhone Developer";
				COPY_PHASE_STRIP = NO;
				DEBUG_INFORMATION_FORMAT = dwarf;
				ENABLE_STRICT_OBJC_MSGSEND = YES;
				ENABLE_TESTABILITY = YES;
				GCC_C_LANGUAGE_STANDARD = gnu99;
				GCC_DYNAMIC_NO_PIC = NO;
				GCC_NO_COMMON_BLOCKS = YES;
				GCC_OPTIMIZATION_LEVEL = 0;
				GCC_PREPROCESSOR_DEFINITIONS = (
					"DEBUG=1",
					"$(inherited)",
				);
				GCC_WARN_64_TO_32_BIT_CONVERSION = YES;
				GCC_WARN_ABOUT_RETURN_TYPE = YES_ERROR;
				GCC_WARN_UNDECLARED_SELECTOR = YES;
				GCC_WARN_UNINITIALIZED_AUTOS = YES_AGGRESSIVE;
				GCC_WARN_UNUSED_FUNCTION = YES;
				GCC_WARN_UNUSED_VARIABLE = YES;
				IPHONEOS_DEPLOYMENT_TARGET = 9.2;
				MTL_ENABLE_DEBUG_INFO = YES;
				ONLY_ACTIVE_ARCH = YES;
				SDKROOT = iphoneos;
				SWIFT_OPTIMIZATION_LEVEL = "-Onone";
				TARGETED_DEVICE_FAMILY = "1,2";
			};
			name = Debug;
		};
		E43187BB1C59F7CC00F40BFE /* Release */ = {
			isa = XCBuildConfiguration;
			buildSettings = {
				ALWAYS_SEARCH_USER_PATHS = NO;
				CLANG_CXX_LANGUAGE_STANDARD = "gnu++0x";
				CLANG_CXX_LIBRARY = "libc++";
				CLANG_ENABLE_MODULES = YES;
				CLANG_ENABLE_OBJC_ARC = YES;
				CLANG_WARN_BOOL_CONVERSION = YES;
				CLANG_WARN_CONSTANT_CONVERSION = YES;
				CLANG_WARN_DIRECT_OBJC_ISA_USAGE = YES_ERROR;
				CLANG_WARN_EMPTY_BODY = YES;
				CLANG_WARN_ENUM_CONVERSION = YES;
				CLANG_WARN_INT_CONVERSION = YES;
				CLANG_WARN_OBJC_ROOT_CLASS = YES_ERROR;
				CLANG_WARN_UNREACHABLE_CODE = YES;
				CLANG_WARN__DUPLICATE_METHOD_MATCH = YES;
				"CODE_SIGN_IDENTITY[sdk=iphoneos*]" = "iPhone Developer";
				COPY_PHASE_STRIP = NO;
				DEBUG_INFORMATION_FORMAT = "dwarf-with-dsym";
				ENABLE_NS_ASSERTIONS = NO;
				ENABLE_STRICT_OBJC_MSGSEND = YES;
				GCC_C_LANGUAGE_STANDARD = gnu99;
				GCC_NO_COMMON_BLOCKS = YES;
				GCC_WARN_64_TO_32_BIT_CONVERSION = YES;
				GCC_WARN_ABOUT_RETURN_TYPE = YES_ERROR;
				GCC_WARN_UNDECLARED_SELECTOR = YES;
				GCC_WARN_UNINITIALIZED_AUTOS = YES_AGGRESSIVE;
				GCC_WARN_UNUSED_FUNCTION = YES;
				GCC_WARN_UNUSED_VARIABLE = YES;
				IPHONEOS_DEPLOYMENT_TARGET = 9.2;
				MTL_ENABLE_DEBUG_INFO = NO;
				SDKROOT = iphoneos;
				TARGETED_DEVICE_FAMILY = "1,2";
				VALIDATE_PRODUCT = YES;
			};
			name = Release;
		};
		E43187BD1C59F7CC00F40BFE /* Debug */ = {
			isa = XCBuildConfiguration;
			buildSettings = {
				ASSETCATALOG_COMPILER_APPICON_NAME = AppIcon;
				EMBEDDED_CONTENT_CONTAINS_SWIFT = YES;
				FRAMEWORK_SEARCH_PATHS = (
					"$(inherited)",
					"$(PROJECT_DIR)/AskFoodDemo/Charts/ThirdParty/Realm/ios",
					"$(PROJECT_DIR)/AskFoodDemo/Charts/ThirdParty/Realm/tvos",
					"$(PROJECT_DIR)/AskFoodDemo",
				);
				INFOPLIST_FILE = AskFoodDemo/Info.plist;
				IPHONEOS_DEPLOYMENT_TARGET = 9.0;
				LD_RUNPATH_SEARCH_PATHS = "$(inherited) @executable_path/Frameworks";
				PRODUCT_BUNDLE_IDENTIFIER = Colearo.AskFoodDemo;
				PRODUCT_NAME = "$(TARGET_NAME)";
				TARGETED_DEVICE_FAMILY = 1;
			};
			name = Debug;
		};
		E43187BE1C59F7CC00F40BFE /* Release */ = {
			isa = XCBuildConfiguration;
			buildSettings = {
				ASSETCATALOG_COMPILER_APPICON_NAME = AppIcon;
				EMBEDDED_CONTENT_CONTAINS_SWIFT = YES;
				FRAMEWORK_SEARCH_PATHS = (
					"$(inherited)",
					"$(PROJECT_DIR)/AskFoodDemo/Charts/ThirdParty/Realm/ios",
					"$(PROJECT_DIR)/AskFoodDemo/Charts/ThirdParty/Realm/tvos",
					"$(PROJECT_DIR)/AskFoodDemo",
				);
				INFOPLIST_FILE = AskFoodDemo/Info.plist;
				IPHONEOS_DEPLOYMENT_TARGET = 9.0;
				LD_RUNPATH_SEARCH_PATHS = "$(inherited) @executable_path/Frameworks";
				PRODUCT_BUNDLE_IDENTIFIER = Colearo.AskFoodDemo;
				PRODUCT_NAME = "$(TARGET_NAME)";
				TARGETED_DEVICE_FAMILY = 1;
			};
			name = Release;
		};
		E43187C01C59F7CC00F40BFE /* Debug */ = {
			isa = XCBuildConfiguration;
			buildSettings = {
				BUNDLE_LOADER = "$(TEST_HOST)";
				INFOPLIST_FILE = AskFoodDemoTests/Info.plist;
				LD_RUNPATH_SEARCH_PATHS = "$(inherited) @executable_path/Frameworks @loader_path/Frameworks";
				PRODUCT_BUNDLE_IDENTIFIER = Colearo.AskFoodDemoTests;
				PRODUCT_NAME = "$(TARGET_NAME)";
				TEST_HOST = "$(BUILT_PRODUCTS_DIR)/AskFoodDemo.app/AskFoodDemo";
			};
			name = Debug;
		};
		E43187C11C59F7CC00F40BFE /* Release */ = {
			isa = XCBuildConfiguration;
			buildSettings = {
				BUNDLE_LOADER = "$(TEST_HOST)";
				INFOPLIST_FILE = AskFoodDemoTests/Info.plist;
				LD_RUNPATH_SEARCH_PATHS = "$(inherited) @executable_path/Frameworks @loader_path/Frameworks";
				PRODUCT_BUNDLE_IDENTIFIER = Colearo.AskFoodDemoTests;
				PRODUCT_NAME = "$(TARGET_NAME)";
				TEST_HOST = "$(BUILT_PRODUCTS_DIR)/AskFoodDemo.app/AskFoodDemo";
			};
			name = Release;
		};
/* End XCBuildConfiguration section */

/* Begin XCConfigurationList section */
		E431879A1C59F7CC00F40BFE /* Build configuration list for PBXProject "AskFoodDemo" */ = {
			isa = XCConfigurationList;
			buildConfigurations = (
				E43187BA1C59F7CC00F40BFE /* Debug */,
				E43187BB1C59F7CC00F40BFE /* Release */,
			);
			defaultConfigurationIsVisible = 0;
			defaultConfigurationName = Release;
		};
		E43187BC1C59F7CC00F40BFE /* Build configuration list for PBXNativeTarget "AskFoodDemo" */ = {
			isa = XCConfigurationList;
			buildConfigurations = (
				E43187BD1C59F7CC00F40BFE /* Debug */,
				E43187BE1C59F7CC00F40BFE /* Release */,
			);
			defaultConfigurationIsVisible = 0;
			defaultConfigurationName = Release;
		};
		E43187BF1C59F7CC00F40BFE /* Build configuration list for PBXNativeTarget "AskFoodDemoTests" */ = {
			isa = XCConfigurationList;
			buildConfigurations = (
				E43187C01C59F7CC00F40BFE /* Debug */,
				E43187C11C59F7CC00F40BFE /* Release */,
			);
			defaultConfigurationIsVisible = 0;
			defaultConfigurationName = Release;
		};
/* End XCConfigurationList section */
	};
	rootObject = E43187971C59F7CC00F40BFE /* Project object */;
}
